// !$*UTF8*$!
{
	archiveVersion = 1;
	classes = {
	};
	objectVersion = 55;
	objects = {

/* Begin PBXBuildFile section */
		1221F3F9280F10A3003E8B77 /* SimplyCoreAudio in Frameworks */ = {isa = PBXBuildFile; productRef = 1221F3F8280F10A3003E8B77 /* SimplyCoreAudio */; };
		1272AA98280DBB4900FD72BA /* QualityApp.swift in Sources */ = {isa = PBXBuildFile; fileRef = 1272AA97280DBB4900FD72BA /* QualityApp.swift */; };
		1272AA9A280DBB4900FD72BA /* ContentView.swift in Sources */ = {isa = PBXBuildFile; fileRef = 1272AA99280DBB4900FD72BA /* ContentView.swift */; };
		1272AA9C280DBB4B00FD72BA /* Assets.xcassets in Resources */ = {isa = PBXBuildFile; fileRef = 1272AA9B280DBB4B00FD72BA /* Assets.xcassets */; };
		1272AA9F280DBB4B00FD72BA /* Preview Assets.xcassets in Resources */ = {isa = PBXBuildFile; fileRef = 1272AA9E280DBB4B00FD72BA /* Preview Assets.xcassets */; };
		1272AAA7280DBC0A00FD72BA /* AudioDevice.swift in Sources */ = {isa = PBXBuildFile; fileRef = 1272AAA6280DBC0A00FD72BA /* AudioDevice.swift */; };
		1272AAA9280DBC4500FD72BA /* AudioDeviceFinder.swift in Sources */ = {isa = PBXBuildFile; fileRef = 1272AAA8280DBC4500FD72BA /* AudioDeviceFinder.swift */; };
		1272AAAC280DC5E900FD72BA /* Console.swift in Sources */ = {isa = PBXBuildFile; fileRef = 1272AAAB280DC5E900FD72BA /* Console.swift */; };
		1272AAAE280DC68A00FD72BA /* CMPlayerStuff.swift in Sources */ = {isa = PBXBuildFile; fileRef = 1272AAAD280DC68A00FD72BA /* CMPlayerStuff.swift */; };
		1272AAB1280DC71B00FD72BA /* Sweep in Frameworks */ = {isa = PBXBuildFile; productRef = 1272AAB0280DC71B00FD72BA /* Sweep */; };
/* End PBXBuildFile section */

/* Begin PBXFileReference section */
		1272AA94280DBB4900FD72BA /* Quality.app */ = {isa = PBXFileReference; explicitFileType = wrapper.application; includeInIndex = 0; path = Quality.app; sourceTree = BUILT_PRODUCTS_DIR; };
		1272AA97280DBB4900FD72BA /* QualityApp.swift */ = {isa = PBXFileReference; lastKnownFileType = sourcecode.swift; path = QualityApp.swift; sourceTree = "<group>"; };
		1272AA99280DBB4900FD72BA /* ContentView.swift */ = {isa = PBXFileReference; lastKnownFileType = sourcecode.swift; path = ContentView.swift; sourceTree = "<group>"; };
		1272AA9B280DBB4B00FD72BA /* Assets.xcassets */ = {isa = PBXFileReference; lastKnownFileType = folder.assetcatalog; path = Assets.xcassets; sourceTree = "<group>"; };
		1272AA9E280DBB4B00FD72BA /* Preview Assets.xcassets */ = {isa = PBXFileReference; lastKnownFileType = folder.assetcatalog; path = "Preview Assets.xcassets"; sourceTree = "<group>"; };
		1272AAA0280DBB4B00FD72BA /* Quality.entitlements */ = {isa = PBXFileReference; lastKnownFileType = text.plist.entitlements; path = Quality.entitlements; sourceTree = "<group>"; };
		1272AAA6280DBC0A00FD72BA /* AudioDevice.swift */ = {isa = PBXFileReference; lastKnownFileType = sourcecode.swift; path = AudioDevice.swift; sourceTree = "<group>"; };
		1272AAA8280DBC4500FD72BA /* AudioDeviceFinder.swift */ = {isa = PBXFileReference; lastKnownFileType = sourcecode.swift; path = AudioDeviceFinder.swift; sourceTree = "<group>"; };
		1272AAAB280DC5E900FD72BA /* Console.swift */ = {isa = PBXFileReference; lastKnownFileType = sourcecode.swift; path = Console.swift; sourceTree = "<group>"; };
		1272AAAD280DC68A00FD72BA /* CMPlayerStuff.swift */ = {isa = PBXFileReference; lastKnownFileType = sourcecode.swift; path = CMPlayerStuff.swift; sourceTree = "<group>"; };
/* End PBXFileReference section */

/* Begin PBXFrameworksBuildPhase section */
		1272AA91280DBB4900FD72BA /* Frameworks */ = {
			isa = PBXFrameworksBuildPhase;
			buildActionMask = 2147483647;
			files = (
				1221F3F9280F10A3003E8B77 /* SimplyCoreAudio in Frameworks */,
				1272AAB1280DC71B00FD72BA /* Sweep in Frameworks */,
			);
			runOnlyForDeploymentPostprocessing = 0;
		};
/* End PBXFrameworksBuildPhase section */

/* Begin PBXGroup section */
		1272AA8B280DBB4900FD72BA = {
			isa = PBXGroup;
			children = (
				1272AA96280DBB4900FD72BA /* Quality */,
				1272AA95280DBB4900FD72BA /* Products */,
			);
			sourceTree = "<group>";
		};
		1272AA95280DBB4900FD72BA /* Products */ = {
			isa = PBXGroup;
			children = (
				1272AA94280DBB4900FD72BA /* Quality.app */,
			);
			name = Products;
			sourceTree = "<group>";
		};
		1272AA96280DBB4900FD72BA /* Quality */ = {
			isa = PBXGroup;
			children = (
				1272AA97280DBB4900FD72BA /* QualityApp.swift */,
				1272AA99280DBB4900FD72BA /* ContentView.swift */,
				1272AA9B280DBB4B00FD72BA /* Assets.xcassets */,
				1272AAA0280DBB4B00FD72BA /* Quality.entitlements */,
				1272AA9D280DBB4B00FD72BA /* Preview Content */,
				1272AAA6280DBC0A00FD72BA /* AudioDevice.swift */,
				1272AAA8280DBC4500FD72BA /* AudioDeviceFinder.swift */,
				1272AAAB280DC5E900FD72BA /* Console.swift */,
				1272AAAD280DC68A00FD72BA /* CMPlayerStuff.swift */,
			);
			path = Quality;
			sourceTree = "<group>";
		};
		1272AA9D280DBB4B00FD72BA /* Preview Content */ = {
			isa = PBXGroup;
			children = (
				1272AA9E280DBB4B00FD72BA /* Preview Assets.xcassets */,
			);
			path = "Preview Content";
			sourceTree = "<group>";
		};
/* End PBXGroup section */

/* Begin PBXNativeTarget section */
		1272AA93280DBB4900FD72BA /* Quality */ = {
			isa = PBXNativeTarget;
			buildConfigurationList = 1272AAA3280DBB4B00FD72BA /* Build configuration list for PBXNativeTarget "Quality" */;
			buildPhases = (
				1272AA90280DBB4900FD72BA /* Sources */,
				1272AA91280DBB4900FD72BA /* Frameworks */,
				1272AA92280DBB4900FD72BA /* Resources */,
			);
			buildRules = (
			);
			dependencies = (
			);
			name = Quality;
			packageProductDependencies = (
				1272AAB0280DC71B00FD72BA /* Sweep */,
				1221F3F8280F10A3003E8B77 /* SimplyCoreAudio */,
			);
			productName = Quality;
			productReference = 1272AA94280DBB4900FD72BA /* Quality.app */;
			productType = "com.apple.product-type.application";
		};
/* End PBXNativeTarget section */

/* Begin PBXProject section */
		1272AA8C280DBB4900FD72BA /* Project object */ = {
			isa = PBXProject;
			attributes = {
				BuildIndependentTargetsInParallel = 1;
				LastSwiftUpdateCheck = 1330;
				LastUpgradeCheck = 1330;
				TargetAttributes = {
					1272AA93280DBB4900FD72BA = {
						CreatedOnToolsVersion = 13.3;
					};
				};
			};
			buildConfigurationList = 1272AA8F280DBB4900FD72BA /* Build configuration list for PBXProject "Quality" */;
			compatibilityVersion = "Xcode 13.0";
			developmentRegion = en;
			hasScannedForEncodings = 0;
			knownRegions = (
				en,
				Base,
			);
			mainGroup = 1272AA8B280DBB4900FD72BA;
			packageReferences = (
				1272AAAF280DC71B00FD72BA /* XCRemoteSwiftPackageReference "Sweep" */,
				1221F3F7280F10A3003E8B77 /* XCRemoteSwiftPackageReference "SimplyCoreAudio" */,
			);
			productRefGroup = 1272AA95280DBB4900FD72BA /* Products */;
			projectDirPath = "";
			projectRoot = "";
			targets = (
				1272AA93280DBB4900FD72BA /* Quality */,
			);
		};
/* End PBXProject section */

/* Begin PBXResourcesBuildPhase section */
		1272AA92280DBB4900FD72BA /* Resources */ = {
			isa = PBXResourcesBuildPhase;
			buildActionMask = 2147483647;
			files = (
				1272AA9F280DBB4B00FD72BA /* Preview Assets.xcassets in Resources */,
				1272AA9C280DBB4B00FD72BA /* Assets.xcassets in Resources */,
			);
			runOnlyForDeploymentPostprocessing = 0;
		};
/* End PBXResourcesBuildPhase section */

/* Begin PBXSourcesBuildPhase section */
		1272AA90280DBB4900FD72BA /* Sources */ = {
			isa = PBXSourcesBuildPhase;
			buildActionMask = 2147483647;
			files = (
				1272AAAE280DC68A00FD72BA /* CMPlayerStuff.swift in Sources */,
				1272AAA9280DBC4500FD72BA /* AudioDeviceFinder.swift in Sources */,
				1272AAAC280DC5E900FD72BA /* Console.swift in Sources */,
				1272AA9A280DBB4900FD72BA /* ContentView.swift in Sources */,
				1272AA98280DBB4900FD72BA /* QualityApp.swift in Sources */,
				1272AAA7280DBC0A00FD72BA /* AudioDevice.swift in Sources */,
			);
			runOnlyForDeploymentPostprocessing = 0;
		};
/* End PBXSourcesBuildPhase section */

/* Begin XCBuildConfiguration section */
		1272AAA1280DBB4B00FD72BA /* Debug */ = {
			isa = XCBuildConfiguration;
			buildSettings = {
				ALWAYS_SEARCH_USER_PATHS = NO;
				CLANG_ANALYZER_NONNULL = YES;
				CLANG_ANALYZER_NUMBER_OBJECT_CONVERSION = YES_AGGRESSIVE;
				CLANG_CXX_LANGUAGE_STANDARD = "gnu++17";
				CLANG_ENABLE_MODULES = YES;
				CLANG_ENABLE_OBJC_ARC = YES;
				CLANG_ENABLE_OBJC_WEAK = YES;
				CLANG_WARN_BLOCK_CAPTURE_AUTORELEASING = YES;
				CLANG_WARN_BOOL_CONVERSION = YES;
				CLANG_WARN_COMMA = YES;
				CLANG_WARN_CONSTANT_CONVERSION = YES;
				CLANG_WARN_DEPRECATED_OBJC_IMPLEMENTATIONS = YES;
				CLANG_WARN_DIRECT_OBJC_ISA_USAGE = YES_ERROR;
				CLANG_WARN_DOCUMENTATION_COMMENTS = YES;
				CLANG_WARN_EMPTY_BODY = YES;
				CLANG_WARN_ENUM_CONVERSION = YES;
				CLANG_WARN_INFINITE_RECURSION = YES;
				CLANG_WARN_INT_CONVERSION = YES;
				CLANG_WARN_NON_LITERAL_NULL_CONVERSION = YES;
				CLANG_WARN_OBJC_IMPLICIT_RETAIN_SELF = YES;
				CLANG_WARN_OBJC_LITERAL_CONVERSION = YES;
				CLANG_WARN_OBJC_ROOT_CLASS = YES_ERROR;
				CLANG_WARN_QUOTED_INCLUDE_IN_FRAMEWORK_HEADER = YES;
				CLANG_WARN_RANGE_LOOP_ANALYSIS = YES;
				CLANG_WARN_STRICT_PROTOTYPES = YES;
				CLANG_WARN_SUSPICIOUS_MOVE = YES;
				CLANG_WARN_UNGUARDED_AVAILABILITY = YES_AGGRESSIVE;
				CLANG_WARN_UNREACHABLE_CODE = YES;
				CLANG_WARN__DUPLICATE_METHOD_MATCH = YES;
				COPY_PHASE_STRIP = NO;
				DEBUG_INFORMATION_FORMAT = dwarf;
				ENABLE_STRICT_OBJC_MSGSEND = YES;
				ENABLE_TESTABILITY = YES;
				GCC_C_LANGUAGE_STANDARD = gnu11;
				GCC_DYNAMIC_NO_PIC = NO;
				GCC_NO_COMMON_BLOCKS = YES;
				GCC_OPTIMIZATION_LEVEL = 0;
				GCC_PREPROCESSOR_DEFINITIONS = (
					"DEBUG=1",
					"$(inherited)",
				);
				GCC_WARN_64_TO_32_BIT_CONVERSION = YES;
				GCC_WARN_ABOUT_RETURN_TYPE = YES_ERROR;
				GCC_WARN_UNDECLARED_SELECTOR = YES;
				GCC_WARN_UNINITIALIZED_AUTOS = YES_AGGRESSIVE;
				GCC_WARN_UNUSED_FUNCTION = YES;
				GCC_WARN_UNUSED_VARIABLE = YES;
				MACOSX_DEPLOYMENT_TARGET = 12.2;
				MTL_ENABLE_DEBUG_INFO = INCLUDE_SOURCE;
				MTL_FAST_MATH = YES;
				ONLY_ACTIVE_ARCH = YES;
				SDKROOT = macosx;
				SWIFT_ACTIVE_COMPILATION_CONDITIONS = DEBUG;
				SWIFT_OPTIMIZATION_LEVEL = "-Onone";
			};
			name = Debug;
		};
		1272AAA2280DBB4B00FD72BA /* Release */ = {
			isa = XCBuildConfiguration;
			buildSettings = {
				ALWAYS_SEARCH_USER_PATHS = NO;
				CLANG_ANALYZER_NONNULL = YES;
				CLANG_ANALYZER_NUMBER_OBJECT_CONVERSION = YES_AGGRESSIVE;
				CLANG_CXX_LANGUAGE_STANDARD = "gnu++17";
				CLANG_ENABLE_MODULES = YES;
				CLANG_ENABLE_OBJC_ARC = YES;
				CLANG_ENABLE_OBJC_WEAK = YES;
				CLANG_WARN_BLOCK_CAPTURE_AUTORELEASING = YES;
				CLANG_WARN_BOOL_CONVERSION = YES;
				CLANG_WARN_COMMA = YES;
				CLANG_WARN_CONSTANT_CONVERSION = YES;
				CLANG_WARN_DEPRECATED_OBJC_IMPLEMENTATIONS = YES;
				CLANG_WARN_DIRECT_OBJC_ISA_USAGE = YES_ERROR;
				CLANG_WARN_DOCUMENTATION_COMMENTS = YES;
				CLANG_WARN_EMPTY_BODY = YES;
				CLANG_WARN_ENUM_CONVERSION = YES;
				CLANG_WARN_INFINITE_RECURSION = YES;
				CLANG_WARN_INT_CONVERSION = YES;
				CLANG_WARN_NON_LITERAL_NULL_CONVERSION = YES;
				CLANG_WARN_OBJC_IMPLICIT_RETAIN_SELF = YES;
				CLANG_WARN_OBJC_LITERAL_CONVERSION = YES;
				CLANG_WARN_OBJC_ROOT_CLASS = YES_ERROR;
				CLANG_WARN_QUOTED_INCLUDE_IN_FRAMEWORK_HEADER = YES;
				CLANG_WARN_RANGE_LOOP_ANALYSIS = YES;
				CLANG_WARN_STRICT_PROTOTYPES = YES;
				CLANG_WARN_SUSPICIOUS_MOVE = YES;
				CLANG_WARN_UNGUARDED_AVAILABILITY = YES_AGGRESSIVE;
				CLANG_WARN_UNREACHABLE_CODE = YES;
				CLANG_WARN__DUPLICATE_METHOD_MATCH = YES;
				COPY_PHASE_STRIP = NO;
				DEBUG_INFORMATION_FORMAT = "dwarf-with-dsym";
				ENABLE_NS_ASSERTIONS = NO;
				ENABLE_STRICT_OBJC_MSGSEND = YES;
				GCC_C_LANGUAGE_STANDARD = gnu11;
				GCC_NO_COMMON_BLOCKS = YES;
				GCC_WARN_64_TO_32_BIT_CONVERSION = YES;
				GCC_WARN_ABOUT_RETURN_TYPE = YES_ERROR;
				GCC_WARN_UNDECLARED_SELECTOR = YES;
				GCC_WARN_UNINITIALIZED_AUTOS = YES_AGGRESSIVE;
				GCC_WARN_UNUSED_FUNCTION = YES;
				GCC_WARN_UNUSED_VARIABLE = YES;
				MACOSX_DEPLOYMENT_TARGET = 12.2;
				MTL_ENABLE_DEBUG_INFO = NO;
				MTL_FAST_MATH = YES;
				SDKROOT = macosx;
				SWIFT_COMPILATION_MODE = wholemodule;
				SWIFT_OPTIMIZATION_LEVEL = "-O";
			};
			name = Release;
		};
		1272AAA4280DBB4B00FD72BA /* Debug */ = {
			isa = XCBuildConfiguration;
			buildSettings = {
				ASSETCATALOG_COMPILER_APPICON_NAME = AppIcon;
				ASSETCATALOG_COMPILER_GLOBAL_ACCENT_COLOR_NAME = AccentColor;
				CODE_SIGN_ENTITLEMENTS = Quality/Quality.entitlements;
				CODE_SIGN_STYLE = Automatic;
				COMBINE_HIDPI_IMAGES = YES;
				CURRENT_PROJECT_VERSION = 1;
				DEVELOPMENT_ASSET_PATHS = "\"Quality/Preview Content\"";
				DEVELOPMENT_TEAM = 3X69W4AQD6;
				ENABLE_HARDENED_RUNTIME = NO;
				ENABLE_PREVIEWS = YES;
				GENERATE_INFOPLIST_FILE = YES;
				INFOPLIST_KEY_NSHumanReadableCopyright = "";
				LD_RUNPATH_SEARCH_PATHS = (
					"$(inherited)",
					"@executable_path/../Frameworks",
				);
				MACOSX_DEPLOYMENT_TARGET = 11.4;
				MARKETING_VERSION = 1.0;
				PRODUCT_BUNDLE_IDENTIFIER = "com.vincent-neo.Quality";
				PRODUCT_NAME = "$(TARGET_NAME)";
				SWIFT_EMIT_LOC_STRINGS = YES;
				SWIFT_VERSION = 5.0;
			};
			name = Debug;
		};
		1272AAA5280DBB4B00FD72BA /* Release */ = {
			isa = XCBuildConfiguration;
			buildSettings = {
				ASSETCATALOG_COMPILER_APPICON_NAME = AppIcon;
				ASSETCATALOG_COMPILER_GLOBAL_ACCENT_COLOR_NAME = AccentColor;
				CODE_SIGN_ENTITLEMENTS = Quality/Quality.entitlements;
				CODE_SIGN_STYLE = Automatic;
				COMBINE_HIDPI_IMAGES = YES;
				CURRENT_PROJECT_VERSION = 1;
				DEVELOPMENT_ASSET_PATHS = "\"Quality/Preview Content\"";
				DEVELOPMENT_TEAM = 3X69W4AQD6;
				ENABLE_HARDENED_RUNTIME = NO;
				ENABLE_PREVIEWS = YES;
				GENERATE_INFOPLIST_FILE = YES;
				INFOPLIST_KEY_NSHumanReadableCopyright = "";
				LD_RUNPATH_SEARCH_PATHS = (
					"$(inherited)",
					"@executable_path/../Frameworks",
				);
				MACOSX_DEPLOYMENT_TARGET = 11.4;
				MARKETING_VERSION = 1.0;
				PRODUCT_BUNDLE_IDENTIFIER = "com.vincent-neo.Quality";
				PRODUCT_NAME = "$(TARGET_NAME)";
				SWIFT_EMIT_LOC_STRINGS = YES;
				SWIFT_VERSION = 5.0;
			};
			name = Release;
		};
/* End XCBuildConfiguration section */

/* Begin XCConfigurationList section */
		1272AA8F280DBB4900FD72BA /* Build configuration list for PBXProject "Quality" */ = {
			isa = XCConfigurationList;
			buildConfigurations = (
				1272AAA1280DBB4B00FD72BA /* Debug */,
				1272AAA2280DBB4B00FD72BA /* Release */,
			);
			defaultConfigurationIsVisible = 0;
			defaultConfigurationName = Release;
		};
		1272AAA3280DBB4B00FD72BA /* Build configuration list for PBXNativeTarget "Quality" */ = {
			isa = XCConfigurationList;
			buildConfigurations = (
				1272AAA4280DBB4B00FD72BA /* Debug */,
				1272AAA5280DBB4B00FD72BA /* Release */,
			);
			defaultConfigurationIsVisible = 0;
			defaultConfigurationName = Release;
		};
/* End XCConfigurationList section */

/* Begin XCRemoteSwiftPackageReference section */
		1221F3F7280F10A3003E8B77 /* XCRemoteSwiftPackageReference "SimplyCoreAudio" */ = {
			isa = XCRemoteSwiftPackageReference;
			repositoryURL = "https://github.com/rnine/SimplyCoreAudio.git";
			requirement = {
				branch = develop;
				kind = branch;
			};
		};
		1272AAAF280DC71B00FD72BA /* XCRemoteSwiftPackageReference "Sweep" */ = {
			isa = XCRemoteSwiftPackageReference;
			repositoryURL = "https://github.com/JohnSundell/Sweep.git";
			requirement = {
				kind = upToNextMajorVersion;
				minimumVersion = 0.4.0;
			};
		};
/* End XCRemoteSwiftPackageReference section */

/* Begin XCSwiftPackageProductDependency section */
		1221F3F8280F10A3003E8B77 /* SimplyCoreAudio */ = {
			isa = XCSwiftPackageProductDependency;
			package = 1221F3F7280F10A3003E8B77 /* XCRemoteSwiftPackageReference "SimplyCoreAudio" */;
			productName = SimplyCoreAudio;
		};
		1272AAB0280DC71B00FD72BA /* Sweep */ = {
			isa = XCSwiftPackageProductDependency;
			package = 1272AAAF280DC71B00FD72BA /* XCRemoteSwiftPackageReference "Sweep" */;
			productName = Sweep;
		};
/* End XCSwiftPackageProductDependency section */
	};
	rootObject = 1272AA8C280DBB4900FD72BA /* Project object */;
}
